
Microsoft Visual Studio Solution File, Format Version 12.00
# Visual Studio Version 17
VisualStudioVersion = 17.11.35327.3
MinimumVisualStudioVersion = 10.0.40219.1
Project("{9A19103F-16F7-4668-BE54-9A1E7A4F7556}") = "Content.Microservice.API", "Content.Microservice.API\Content.Microservice.API.csproj", "{A8248933-1213-43BF-AEFE-BA74DEEE5CEF}"
	ProjectSection(ProjectDependencies) = postProject
		{A193FBFA-B40E-49D5-AF63-461C6E8996A5} = {A193FBFA-B40E-49D5-AF63-461C6E8996A5}
	EndProjectSection
EndProject
Project("{9A19103F-16F7-4668-BE54-9A1E7A4F7556}") = "Content.Microservice.Infrastructure", "Content.Microservice.Infrastructure\Content.Microservice.Infrastructure.csproj", "{A193FBFA-B40E-49D5-AF63-461C6E8996A5}"
EndProject
Project("{9A19103F-16F7-4668-BE54-9A1E7A4F7556}") = "Content.Microservice.AppCore", "Content.Microservice.AppCore\Content.Microservice.AppCore.csproj", "{6C77B1C9-366F-4C30-9064-7574939B32AD}"
EndProject
Project("{9A19103F-16F7-4668-BE54-9A1E7A4F7556}") = "Content.Microservice.Domain", "Content.Microservice.Domain\Content.Microservice.Domain.csproj", "{8D461D3F-8266-40FA-86FF-F34F49AAF2A3}"
EndProject
Project("{9A19103F-16F7-4668-BE54-9A1E7A4F7556}") = "Content.Microservice.Common", "Content.Microservice.Common\Content.Microservice.Common.csproj", "{37044168-F0DF-4E88-8717-63961179BDE3}"
EndProject
Global
	GlobalSection(SolutionConfigurationPlatforms) = preSolution
		Debug|Any CPU = Debug|Any CPU
		Release|Any CPU = Release|Any CPU
	EndGlobalSection
	GlobalSection(ProjectConfigurationPlatforms) = postSolution
		{A8248933-1213-43BF-AEFE-BA74DEEE5CEF}.Debug|Any CPU.ActiveCfg = Debug|Any CPU
		{A8248933-1213-43BF-AEFE-BA74DEEE5CEF}.Debug|Any CPU.Build.0 = Debug|Any CPU
		{A8248933-1213-43BF-AEFE-BA74DEEE5CEF}.Release|Any CPU.ActiveCfg = Release|Any CPU
		{A8248933-1213-43BF-AEFE-BA74DEEE5CEF}.Release|Any CPU.Build.0 = Release|Any CPU
		{A193FBFA-B40E-49D5-AF63-461C6E8996A5}.Debug|Any CPU.ActiveCfg = Debug|Any CPU
		{A193FBFA-B40E-49D5-AF63-461C6E8996A5}.Debug|Any CPU.Build.0 = Debug|Any CPU
		{A193FBFA-B40E-49D5-AF63-461C6E8996A5}.Release|Any CPU.ActiveCfg = Release|Any CPU
		{A193FBFA-B40E-49D5-AF63-461C6E8996A5}.Release|Any CPU.Build.0 = Release|Any CPU
		{6C77B1C9-366F-4C30-9064-7574939B32AD}.Debug|Any CPU.ActiveCfg = Debug|Any CPU
		{6C77B1C9-366F-4C30-9064-7574939B32AD}.Debug|Any CPU.Build.0 = Debug|Any CPU
		{6C77B1C9-366F-4C30-9064-7574939B32AD}.Release|Any CPU.ActiveCfg = Release|Any CPU
		{6C77B1C9-366F-4C30-9064-7574939B32AD}.Release|Any CPU.Build.0 = Release|Any CPU
		{8D461D3F-8266-40FA-86FF-F34F49AAF2A3}.Debug|Any CPU.ActiveCfg = Debug|Any CPU
		{8D461D3F-8266-40FA-86FF-F34F49AAF2A3}.Debug|Any CPU.Build.0 = Debug|Any CPU
		{8D461D3F-8266-40FA-86FF-F34F49AAF2A3}.Release|Any CPU.ActiveCfg = Release|Any CPU
		{8D461D3F-8266-40FA-86FF-F34F49AAF2A3}.Release|Any CPU.Build.0 = Release|Any CPU
		{37044168-F0DF-4E88-8717-63961179BDE3}.Debug|Any CPU.ActiveCfg = Debug|Any CPU
		{37044168-F0DF-4E88-8717-63961179BDE3}.Debug|Any CPU.Build.0 = Debug|Any CPU
		{37044168-F0DF-4E88-8717-63961179BDE3}.Release|Any CPU.ActiveCfg = Release|Any CPU
		{37044168-F0DF-4E88-8717-63961179BDE3}.Release|Any CPU.Build.0 = Release|Any CPU
	EndGlobalSection
	GlobalSection(SolutionProperties) = preSolution
		HideSolutionNode = FALSE
	EndGlobalSection
	GlobalSection(ExtensibilityGlobals) = postSolution
		SolutionGuid = {6D90FEEA-F098-4791-A729-0CFC883234DE}
	EndGlobalSection
EndGlobal
